// !$*UTF8*$!
{
	archiveVersion = 1;
	classes = {
	};
	objectVersion = 56;
	objects = {

/* Begin PBXBuildFile section */
		178C6FEA2AA5E76F0038FA24 /* AppDelegate.swift in Sources */ = {isa = PBXBuildFile; fileRef = 178C6FE92AA5E76F0038FA24 /* AppDelegate.swift */; };
		178C6FEC2AA5E76F0038FA24 /* SceneDelegate.swift in Sources */ = {isa = PBXBuildFile; fileRef = 178C6FEB2AA5E76F0038FA24 /* SceneDelegate.swift */; };
		178C6FEE2AA5E76F0038FA24 /* MainViewController.swift in Sources */ = {isa = PBXBuildFile; fileRef = 178C6FED2AA5E76F0038FA24 /* MainViewController.swift */; };
		178C6FF32AA5E7700038FA24 /* Assets.xcassets in Resources */ = {isa = PBXBuildFile; fileRef = 178C6FF22AA5E7700038FA24 /* Assets.xcassets */; };
		178C6FF62AA5E7700038FA24 /* LaunchScreen.storyboard in Resources */ = {isa = PBXBuildFile; fileRef = 178C6FF42AA5E7700038FA24 /* LaunchScreen.storyboard */; };
		178C70072AA5EA4D0038FA24 /* MainView.swift in Sources */ = {isa = PBXBuildFile; fileRef = 178C70062AA5EA4D0038FA24 /* MainView.swift */; };
		178C700B2AA5F4250038FA24 /* MainScreenModel.swift in Sources */ = {isa = PBXBuildFile; fileRef = 178C700A2AA5F4250038FA24 /* MainScreenModel.swift */; };
		17A322242AAB0F7500A155D6 /* TableViewScreen.swift in Sources */ = {isa = PBXBuildFile; fileRef = 17A322232AAB0F7500A155D6 /* TableViewScreen.swift */; };
		17A322272AAB0FF800A155D6 /* CustomCell.swift in Sources */ = {isa = PBXBuildFile; fileRef = 17A322262AAB0FF800A155D6 /* CustomCell.swift */; };
		17A3222A2AAB1EBD00A155D6 /* PersonModel.swift in Sources */ = {isa = PBXBuildFile; fileRef = 17A322292AAB1EBD00A155D6 /* PersonModel.swift */; };
		17A322302AAB2AF700A155D6 /* CollectionViewController.swift in Sources */ = {isa = PBXBuildFile; fileRef = 17A3222F2AAB2AF700A155D6 /* CollectionViewController.swift */; };
		17A322332AAB33FA00A155D6 /* CustomCollectionViewCell.swift in Sources */ = {isa = PBXBuildFile; fileRef = 17A322322AAB33FA00A155D6 /* CustomCollectionViewCell.swift */; };
		17A322352AAB349F00A155D6 /* MyCollectionView.swift in Sources */ = {isa = PBXBuildFile; fileRef = 17A322342AAB349F00A155D6 /* MyCollectionView.swift */; };
		17A322372AAB355600A155D6 /* MyTableView.swift in Sources */ = {isa = PBXBuildFile; fileRef = 17A322362AAB355600A155D6 /* MyTableView.swift */; };
		C3249B0A3CBD6D5FDF79032F /* Pods_Test1.framework in Frameworks */ = {isa = PBXBuildFile; fileRef = 389334B8C1CAEA2B9EA9A71F /* Pods_Test1.framework */; };
		F785A0EA2AAE04E5009F3D09 /* CollectionViewModel.swift in Sources */ = {isa = PBXBuildFile; fileRef = F785A0E92AAE04E5009F3D09 /* CollectionViewModel.swift */; };
		F785A0EC2AAE07AC009F3D09 /* NewCollectionView.swift in Sources */ = {isa = PBXBuildFile; fileRef = F785A0EB2AAE07AC009F3D09 /* NewCollectionView.swift */; };
		F785A0EE2AAE07C4009F3D09 /* NewCollectionViewController.swift in Sources */ = {isa = PBXBuildFile; fileRef = F785A0ED2AAE07C4009F3D09 /* NewCollectionViewController.swift */; };
		F785A0F12AAE0821009F3D09 /* NewCell.swift in Sources */ = {isa = PBXBuildFile; fileRef = F785A0F02AAE0821009F3D09 /* NewCell.swift */; };
		F785A0FA2AAF5498009F3D09 /* NewTableViewViewController.swift in Sources */ = {isa = PBXBuildFile; fileRef = F785A0F92AAF5498009F3D09 /* NewTableViewViewController.swift */; };
		F785A0FC2AAF54AC009F3D09 /* NewTableView.swift in Sources */ = {isa = PBXBuildFile; fileRef = F785A0FB2AAF54AC009F3D09 /* NewTableView.swift */; };
		F785A0FF2AAF54C9009F3D09 /* NewTableViewCell.swift in Sources */ = {isa = PBXBuildFile; fileRef = F785A0FE2AAF54C9009F3D09 /* NewTableViewCell.swift */; };
		F785A1012AAF54D8009F3D09 /* TableViewModel.swift in Sources */ = {isa = PBXBuildFile; fileRef = F785A1002AAF54D8009F3D09 /* TableViewModel.swift */; };
		F785A1032AAF723B009F3D09 /* HeaderView.swift in Sources */ = {isa = PBXBuildFile; fileRef = F785A1022AAF723B009F3D09 /* HeaderView.swift */; };
		F785A1082AB33972009F3D09 /* BlockViewController.swift in Sources */ = {isa = PBXBuildFile; fileRef = F785A1072AB33972009F3D09 /* BlockViewController.swift */; };
		F785A10B2AB33997009F3D09 /* BlockCell.swift in Sources */ = {isa = PBXBuildFile; fileRef = F785A10A2AB33997009F3D09 /* BlockCell.swift */; };
		F785A10D2AB339A9009F3D09 /* BlockView.swift in Sources */ = {isa = PBXBuildFile; fileRef = F785A10C2AB339A9009F3D09 /* BlockView.swift */; };
		F785A10F2AB339D5009F3D09 /* BlockModel.swift in Sources */ = {isa = PBXBuildFile; fileRef = F785A10E2AB339D5009F3D09 /* BlockModel.swift */; };
		F785A1112AB34D89009F3D09 /* BlockHeader.swift in Sources */ = {isa = PBXBuildFile; fileRef = F785A1102AB34D89009F3D09 /* BlockHeader.swift */; };
		F785A1202AB4B421009F3D09 /* AdBlockMainViewController.swift in Sources */ = {isa = PBXBuildFile; fileRef = F785A11F2AB4B421009F3D09 /* AdBlockMainViewController.swift */; };
		F785A1232AB4B43F009F3D09 /* AdBlockMainView.swift in Sources */ = {isa = PBXBuildFile; fileRef = F785A1222AB4B43F009F3D09 /* AdBlockMainView.swift */; };
		F785A1252AB4B466009F3D09 /* AdBlockListViewController.swift in Sources */ = {isa = PBXBuildFile; fileRef = F785A1242AB4B466009F3D09 /* AdBlockListViewController.swift */; };
		F785A1272AB4B47A009F3D09 /* AdBlockListView.swift in Sources */ = {isa = PBXBuildFile; fileRef = F785A1262AB4B47A009F3D09 /* AdBlockListView.swift */; };
		F785A1292AB4B493009F3D09 /* AdBlockRulesView.swift in Sources */ = {isa = PBXBuildFile; fileRef = F785A1282AB4B493009F3D09 /* AdBlockRulesView.swift */; };
		F785A12B2AB4B4A2009F3D09 /* AdBlockRulesViewController.swift in Sources */ = {isa = PBXBuildFile; fileRef = F785A12A2AB4B4A2009F3D09 /* AdBlockRulesViewController.swift */; };
		F785A12D2AB5ECF5009F3D09 /* TabBarController.swift in Sources */ = {isa = PBXBuildFile; fileRef = F785A12C2AB5ECF5009F3D09 /* TabBarController.swift */; };
		F785A1322AB5F13A009F3D09 /* CallRecViewController.swift in Sources */ = {isa = PBXBuildFile; fileRef = F785A1312AB5F13A009F3D09 /* CallRecViewController.swift */; };
		F785A1342AB5F150009F3D09 /* VoiceRecViewController.swift in Sources */ = {isa = PBXBuildFile; fileRef = F785A1332AB5F150009F3D09 /* VoiceRecViewController.swift */; };
		F785A1362AB5F15B009F3D09 /* SettingsViewController.swift in Sources */ = {isa = PBXBuildFile; fileRef = F785A1352AB5F15B009F3D09 /* SettingsViewController.swift */; };
		F785A1382AB5F9E7009F3D09 /* AdBlockNavigationController.swift in Sources */ = {isa = PBXBuildFile; fileRef = F785A1372AB5F9E7009F3D09 /* AdBlockNavigationController.swift */; };
		F785A13A2AB6E028009F3D09 /* RulesMainTableViewCell.swift in Sources */ = {isa = PBXBuildFile; fileRef = F785A1392AB6E028009F3D09 /* RulesMainTableViewCell.swift */; };
		F7A8FA112AA709B000933335 /* SecondViewController.swift in Sources */ = {isa = PBXBuildFile; fileRef = F7A8FA102AA709B000933335 /* SecondViewController.swift */; };
		F7A8FA132AA709BC00933335 /* SecondView.swift in Sources */ = {isa = PBXBuildFile; fileRef = F7A8FA122AA709BC00933335 /* SecondView.swift */; };
		F7A8FA152AA70A3800933335 /* SecondScreenModel.swift in Sources */ = {isa = PBXBuildFile; fileRef = F7A8FA142AA70A3800933335 /* SecondScreenModel.swift */; };
/* End PBXBuildFile section */

/* Begin PBXFileReference section */
		1403674658DA0BC849EF67E8 /* Pods-Test1.release.xcconfig */ = {isa = PBXFileReference; includeInIndex = 1; lastKnownFileType = text.xcconfig; name = "Pods-Test1.release.xcconfig"; path = "Target Support Files/Pods-Test1/Pods-Test1.release.xcconfig"; sourceTree = "<group>"; };
		178C6FE62AA5E76F0038FA24 /* Test1.app */ = {isa = PBXFileReference; explicitFileType = wrapper.application; includeInIndex = 0; path = Test1.app; sourceTree = BUILT_PRODUCTS_DIR; };
		178C6FE92AA5E76F0038FA24 /* AppDelegate.swift */ = {isa = PBXFileReference; lastKnownFileType = sourcecode.swift; path = AppDelegate.swift; sourceTree = "<group>"; };
		178C6FEB2AA5E76F0038FA24 /* SceneDelegate.swift */ = {isa = PBXFileReference; lastKnownFileType = sourcecode.swift; path = SceneDelegate.swift; sourceTree = "<group>"; };
		178C6FED2AA5E76F0038FA24 /* MainViewController.swift */ = {isa = PBXFileReference; lastKnownFileType = sourcecode.swift; path = MainViewController.swift; sourceTree = "<group>"; };
		178C6FF22AA5E7700038FA24 /* Assets.xcassets */ = {isa = PBXFileReference; lastKnownFileType = folder.assetcatalog; path = Assets.xcassets; sourceTree = "<group>"; };
		178C6FF52AA5E7700038FA24 /* Base */ = {isa = PBXFileReference; lastKnownFileType = file.storyboard; name = Base; path = Base.lproj/LaunchScreen.storyboard; sourceTree = "<group>"; };
		178C6FF72AA5E7700038FA24 /* Info.plist */ = {isa = PBXFileReference; lastKnownFileType = text.plist.xml; path = Info.plist; sourceTree = "<group>"; };
		178C70062AA5EA4D0038FA24 /* MainView.swift */ = {isa = PBXFileReference; lastKnownFileType = sourcecode.swift; path = MainView.swift; sourceTree = "<group>"; };
		178C700A2AA5F4250038FA24 /* MainScreenModel.swift */ = {isa = PBXFileReference; lastKnownFileType = sourcecode.swift; path = MainScreenModel.swift; sourceTree = "<group>"; };
		17A322232AAB0F7500A155D6 /* TableViewScreen.swift */ = {isa = PBXFileReference; lastKnownFileType = sourcecode.swift; path = TableViewScreen.swift; sourceTree = "<group>"; };
		17A322262AAB0FF800A155D6 /* CustomCell.swift */ = {isa = PBXFileReference; lastKnownFileType = sourcecode.swift; path = CustomCell.swift; sourceTree = "<group>"; };
		17A322292AAB1EBD00A155D6 /* PersonModel.swift */ = {isa = PBXFileReference; lastKnownFileType = sourcecode.swift; path = PersonModel.swift; sourceTree = "<group>"; };
		17A3222F2AAB2AF700A155D6 /* CollectionViewController.swift */ = {isa = PBXFileReference; lastKnownFileType = sourcecode.swift; path = CollectionViewController.swift; sourceTree = "<group>"; };
		17A322322AAB33FA00A155D6 /* CustomCollectionViewCell.swift */ = {isa = PBXFileReference; lastKnownFileType = sourcecode.swift; path = CustomCollectionViewCell.swift; sourceTree = "<group>"; };
		17A322342AAB349F00A155D6 /* MyCollectionView.swift */ = {isa = PBXFileReference; lastKnownFileType = sourcecode.swift; path = MyCollectionView.swift; sourceTree = "<group>"; };
		17A322362AAB355600A155D6 /* MyTableView.swift */ = {isa = PBXFileReference; lastKnownFileType = sourcecode.swift; path = MyTableView.swift; sourceTree = "<group>"; };
		389334B8C1CAEA2B9EA9A71F /* Pods_Test1.framework */ = {isa = PBXFileReference; explicitFileType = wrapper.framework; includeInIndex = 0; path = Pods_Test1.framework; sourceTree = BUILT_PRODUCTS_DIR; };
		F0E8619F604E83CC1AA72494 /* Pods-Test1.debug.xcconfig */ = {isa = PBXFileReference; includeInIndex = 1; lastKnownFileType = text.xcconfig; name = "Pods-Test1.debug.xcconfig"; path = "Target Support Files/Pods-Test1/Pods-Test1.debug.xcconfig"; sourceTree = "<group>"; };
		F785A0E92AAE04E5009F3D09 /* CollectionViewModel.swift */ = {isa = PBXFileReference; lastKnownFileType = sourcecode.swift; path = CollectionViewModel.swift; sourceTree = "<group>"; };
		F785A0EB2AAE07AC009F3D09 /* NewCollectionView.swift */ = {isa = PBXFileReference; lastKnownFileType = sourcecode.swift; path = NewCollectionView.swift; sourceTree = "<group>"; };
		F785A0ED2AAE07C4009F3D09 /* NewCollectionViewController.swift */ = {isa = PBXFileReference; lastKnownFileType = sourcecode.swift; path = NewCollectionViewController.swift; sourceTree = "<group>"; };
		F785A0F02AAE0821009F3D09 /* NewCell.swift */ = {isa = PBXFileReference; lastKnownFileType = sourcecode.swift; path = NewCell.swift; sourceTree = "<group>"; };
		F785A0F92AAF5498009F3D09 /* NewTableViewViewController.swift */ = {isa = PBXFileReference; lastKnownFileType = sourcecode.swift; path = NewTableViewViewController.swift; sourceTree = "<group>"; };
		F785A0FB2AAF54AC009F3D09 /* NewTableView.swift */ = {isa = PBXFileReference; lastKnownFileType = sourcecode.swift; path = NewTableView.swift; sourceTree = "<group>"; };
		F785A0FE2AAF54C9009F3D09 /* NewTableViewCell.swift */ = {isa = PBXFileReference; lastKnownFileType = sourcecode.swift; path = NewTableViewCell.swift; sourceTree = "<group>"; };
		F785A1002AAF54D8009F3D09 /* TableViewModel.swift */ = {isa = PBXFileReference; lastKnownFileType = sourcecode.swift; path = TableViewModel.swift; sourceTree = "<group>"; };
		F785A1022AAF723B009F3D09 /* HeaderView.swift */ = {isa = PBXFileReference; lastKnownFileType = sourcecode.swift; path = HeaderView.swift; sourceTree = "<group>"; };
		F785A1072AB33972009F3D09 /* BlockViewController.swift */ = {isa = PBXFileReference; lastKnownFileType = sourcecode.swift; path = BlockViewController.swift; sourceTree = "<group>"; };
		F785A10A2AB33997009F3D09 /* BlockCell.swift */ = {isa = PBXFileReference; lastKnownFileType = sourcecode.swift; path = BlockCell.swift; sourceTree = "<group>"; };
		F785A10C2AB339A9009F3D09 /* BlockView.swift */ = {isa = PBXFileReference; lastKnownFileType = sourcecode.swift; path = BlockView.swift; sourceTree = "<group>"; };
		F785A10E2AB339D5009F3D09 /* BlockModel.swift */ = {isa = PBXFileReference; lastKnownFileType = sourcecode.swift; path = BlockModel.swift; sourceTree = "<group>"; };
		F785A1102AB34D89009F3D09 /* BlockHeader.swift */ = {isa = PBXFileReference; lastKnownFileType = sourcecode.swift; path = BlockHeader.swift; sourceTree = "<group>"; };
		F785A11F2AB4B421009F3D09 /* AdBlockMainViewController.swift */ = {isa = PBXFileReference; lastKnownFileType = sourcecode.swift; path = AdBlockMainViewController.swift; sourceTree = "<group>"; };
		F785A1222AB4B43F009F3D09 /* AdBlockMainView.swift */ = {isa = PBXFileReference; lastKnownFileType = sourcecode.swift; path = AdBlockMainView.swift; sourceTree = "<group>"; };
		F785A1242AB4B466009F3D09 /* AdBlockListViewController.swift */ = {isa = PBXFileReference; lastKnownFileType = sourcecode.swift; path = AdBlockListViewController.swift; sourceTree = "<group>"; };
		F785A1262AB4B47A009F3D09 /* AdBlockListView.swift */ = {isa = PBXFileReference; lastKnownFileType = sourcecode.swift; path = AdBlockListView.swift; sourceTree = "<group>"; };
		F785A1282AB4B493009F3D09 /* AdBlockRulesView.swift */ = {isa = PBXFileReference; lastKnownFileType = sourcecode.swift; path = AdBlockRulesView.swift; sourceTree = "<group>"; };
		F785A12A2AB4B4A2009F3D09 /* AdBlockRulesViewController.swift */ = {isa = PBXFileReference; lastKnownFileType = sourcecode.swift; path = AdBlockRulesViewController.swift; sourceTree = "<group>"; };
		F785A12C2AB5ECF5009F3D09 /* TabBarController.swift */ = {isa = PBXFileReference; lastKnownFileType = sourcecode.swift; path = TabBarController.swift; sourceTree = "<group>"; };
		F785A1312AB5F13A009F3D09 /* CallRecViewController.swift */ = {isa = PBXFileReference; lastKnownFileType = sourcecode.swift; path = CallRecViewController.swift; sourceTree = "<group>"; };
		F785A1332AB5F150009F3D09 /* VoiceRecViewController.swift */ = {isa = PBXFileReference; lastKnownFileType = sourcecode.swift; path = VoiceRecViewController.swift; sourceTree = "<group>"; };
		F785A1352AB5F15B009F3D09 /* SettingsViewController.swift */ = {isa = PBXFileReference; lastKnownFileType = sourcecode.swift; path = SettingsViewController.swift; sourceTree = "<group>"; };
		F785A1372AB5F9E7009F3D09 /* AdBlockNavigationController.swift */ = {isa = PBXFileReference; lastKnownFileType = sourcecode.swift; path = AdBlockNavigationController.swift; sourceTree = "<group>"; };
		F785A1392AB6E028009F3D09 /* RulesMainTableViewCell.swift */ = {isa = PBXFileReference; lastKnownFileType = sourcecode.swift; path = RulesMainTableViewCell.swift; sourceTree = "<group>"; };
		F7A8FA102AA709B000933335 /* SecondViewController.swift */ = {isa = PBXFileReference; lastKnownFileType = sourcecode.swift; path = SecondViewController.swift; sourceTree = "<group>"; };
		F7A8FA122AA709BC00933335 /* SecondView.swift */ = {isa = PBXFileReference; lastKnownFileType = sourcecode.swift; path = SecondView.swift; sourceTree = "<group>"; };
		F7A8FA142AA70A3800933335 /* SecondScreenModel.swift */ = {isa = PBXFileReference; lastKnownFileType = sourcecode.swift; path = SecondScreenModel.swift; sourceTree = "<group>"; };
/* End PBXFileReference section */

/* Begin PBXFrameworksBuildPhase section */
		178C6FE32AA5E76F0038FA24 /* Frameworks */ = {
			isa = PBXFrameworksBuildPhase;
			buildActionMask = 2147483647;
			files = (
				C3249B0A3CBD6D5FDF79032F /* Pods_Test1.framework in Frameworks */,
			);
			runOnlyForDeploymentPostprocessing = 0;
		};
/* End PBXFrameworksBuildPhase section */

/* Begin PBXGroup section */
		178C6FDD2AA5E76F0038FA24 = {
			isa = PBXGroup;
			children = (
				178C6FE82AA5E76F0038FA24 /* Test1 */,
				178C6FE72AA5E76F0038FA24 /* Products */,
				F0E300AC1EDB38B621697197 /* Pods */,
				CC7FA20BF1C0D926DC86DFB2 /* Frameworks */,
			);
			sourceTree = "<group>";
		};
		178C6FE72AA5E76F0038FA24 /* Products */ = {
			isa = PBXGroup;
			children = (
				178C6FE62AA5E76F0038FA24 /* Test1.app */,
			);
			name = Products;
			sourceTree = "<group>";
		};
		178C6FE82AA5E76F0038FA24 /* Test1 */ = {
			isa = PBXGroup;
			children = (
				F785A1122AB4B359009F3D09 /* AdBlock */,
				178C6FFD2AA5E8C70038FA24 /* Application */,
				178C6FFE2AA5E8D80038FA24 /* Screens */,
				178C70012AA5E9A00038FA24 /* Services */,
				178C70002AA5E9590038FA24 /* Base */,
				178C6FFF2AA5E8EC0038FA24 /* Resources */,
			);
			path = Test1;
			sourceTree = "<group>";
		};
		178C6FFD2AA5E8C70038FA24 /* Application */ = {
			isa = PBXGroup;
			children = (
				178C6FE92AA5E76F0038FA24 /* AppDelegate.swift */,
				178C6FEB2AA5E76F0038FA24 /* SceneDelegate.swift */,
			);
			path = Application;
			sourceTree = "<group>";
		};
		178C6FFE2AA5E8D80038FA24 /* Screens */ = {
			isa = PBXGroup;
			children = (
				F785A1042AB3394E009F3D09 /* BlockCollectionViewScreen */,
				F785A0F62AAF5468009F3D09 /* NewTableViewScreen */,
				F785A0E62AAE028B009F3D09 /* NewCollectionScreen */,
				17A3222D2AAB2AC200A155D6 /* CollectionScreen */,
				17A322212AAB0F6400A155D6 /* TableViewScreen */,
				178C70042AA5EA3B0038FA24 /* MainScreen */,
				F7A8FA0D2AA669FE00933335 /* SecondScreen */,
				178C70032AA5EA210038FA24 /* LaunchScreen */,
			);
			path = Screens;
			sourceTree = "<group>";
		};
		178C6FFF2AA5E8EC0038FA24 /* Resources */ = {
			isa = PBXGroup;
			children = (
				178C6FF22AA5E7700038FA24 /* Assets.xcassets */,
				178C6FF72AA5E7700038FA24 /* Info.plist */,
			);
			path = Resources;
			sourceTree = "<group>";
		};
		178C70002AA5E9590038FA24 /* Base */ = {
			isa = PBXGroup;
			children = (
				17A3222B2AAB250A00A155D6 /* CustomViews */,
			);
			path = Base;
			sourceTree = "<group>";
		};
		178C70012AA5E9A00038FA24 /* Services */ = {
			isa = PBXGroup;
			children = (
				178C70022AA5E9D00038FA24 /* Extension */,
			);
			path = Services;
			sourceTree = "<group>";
		};
		178C70022AA5E9D00038FA24 /* Extension */ = {
			isa = PBXGroup;
			children = (
			);
			path = Extension;
			sourceTree = "<group>";
		};
		178C70032AA5EA210038FA24 /* LaunchScreen */ = {
			isa = PBXGroup;
			children = (
				178C700D2AA5F7060038FA24 /* New Group */,
				178C6FF42AA5E7700038FA24 /* LaunchScreen.storyboard */,
			);
			path = LaunchScreen;
			sourceTree = "<group>";
		};
		178C70042AA5EA3B0038FA24 /* MainScreen */ = {
			isa = PBXGroup;
			children = (
				178C70082AA5F4060038FA24 /* Model */,
				178C70052AA5EA420038FA24 /* View */,
			);
			path = MainScreen;
			sourceTree = "<group>";
		};
		178C70052AA5EA420038FA24 /* View */ = {
			isa = PBXGroup;
			children = (
				178C6FED2AA5E76F0038FA24 /* MainViewController.swift */,
				178C70062AA5EA4D0038FA24 /* MainView.swift */,
			);
			path = View;
			sourceTree = "<group>";
		};
		178C70082AA5F4060038FA24 /* Model */ = {
			isa = PBXGroup;
			children = (
				178C700A2AA5F4250038FA24 /* MainScreenModel.swift */,
			);
			path = Model;
			sourceTree = "<group>";
		};
		178C700D2AA5F7060038FA24 /* New Group */ = {
			isa = PBXGroup;
			children = (
			);
			path = "New Group";
			sourceTree = "<group>";
		};
		17A322212AAB0F6400A155D6 /* TableViewScreen */ = {
			isa = PBXGroup;
			children = (
				17A322282AAB1EB300A155D6 /* Model */,
				17A322222AAB0F6A00A155D6 /* View */,
			);
			path = TableViewScreen;
			sourceTree = "<group>";
		};
		17A322222AAB0F6A00A155D6 /* View */ = {
			isa = PBXGroup;
			children = (
				17A322232AAB0F7500A155D6 /* TableViewScreen.swift */,
				17A322362AAB355600A155D6 /* MyTableView.swift */,
				17A322252AAB0FF200A155D6 /* Cell */,
			);
			path = View;
			sourceTree = "<group>";
		};
		17A322252AAB0FF200A155D6 /* Cell */ = {
			isa = PBXGroup;
			children = (
				17A322262AAB0FF800A155D6 /* CustomCell.swift */,
			);
			path = Cell;
			sourceTree = "<group>";
		};
		17A322282AAB1EB300A155D6 /* Model */ = {
			isa = PBXGroup;
			children = (
				17A322292AAB1EBD00A155D6 /* PersonModel.swift */,
			);
			path = Model;
			sourceTree = "<group>";
		};
		17A3222B2AAB250A00A155D6 /* CustomViews */ = {
			isa = PBXGroup;
			children = (
			);
			path = CustomViews;
			sourceTree = "<group>";
		};
		17A3222D2AAB2AC200A155D6 /* CollectionScreen */ = {
			isa = PBXGroup;
			children = (
				17A3222E2AAB2ACB00A155D6 /* View */,
			);
			path = CollectionScreen;
			sourceTree = "<group>";
		};
		17A3222E2AAB2ACB00A155D6 /* View */ = {
			isa = PBXGroup;
			children = (
				17A3222F2AAB2AF700A155D6 /* CollectionViewController.swift */,
				17A322342AAB349F00A155D6 /* MyCollectionView.swift */,
				17A322312AAB33B700A155D6 /* Cell */,
			);
			path = View;
			sourceTree = "<group>";
		};
		17A322312AAB33B700A155D6 /* Cell */ = {
			isa = PBXGroup;
			children = (
				17A322322AAB33FA00A155D6 /* CustomCollectionViewCell.swift */,
			);
			path = Cell;
			sourceTree = "<group>";
		};
		CC7FA20BF1C0D926DC86DFB2 /* Frameworks */ = {
			isa = PBXGroup;
			children = (
				389334B8C1CAEA2B9EA9A71F /* Pods_Test1.framework */,
			);
			name = Frameworks;
			sourceTree = "<group>";
		};
		F0E300AC1EDB38B621697197 /* Pods */ = {
			isa = PBXGroup;
			children = (
				F0E8619F604E83CC1AA72494 /* Pods-Test1.debug.xcconfig */,
				1403674658DA0BC849EF67E8 /* Pods-Test1.release.xcconfig */,
			);
			path = Pods;
			sourceTree = "<group>";
		};
		F785A0E62AAE028B009F3D09 /* NewCollectionScreen */ = {
			isa = PBXGroup;
			children = (
				F785A0E82AAE04CD009F3D09 /* Model */,
				F785A0E72AAE029A009F3D09 /* View */,
			);
			path = NewCollectionScreen;
			sourceTree = "<group>";
		};
		F785A0E72AAE029A009F3D09 /* View */ = {
			isa = PBXGroup;
			children = (
				F785A0ED2AAE07C4009F3D09 /* NewCollectionViewController.swift */,
				F785A0EB2AAE07AC009F3D09 /* NewCollectionView.swift */,
				F785A0F22AAE0831009F3D09 /* Cell */,
			);
			path = View;
			sourceTree = "<group>";
		};
		F785A0E82AAE04CD009F3D09 /* Model */ = {
			isa = PBXGroup;
			children = (
				F785A0E92AAE04E5009F3D09 /* CollectionViewModel.swift */,
			);
			path = Model;
			sourceTree = "<group>";
		};
		F785A0F22AAE0831009F3D09 /* Cell */ = {
			isa = PBXGroup;
			children = (
				F785A0F02AAE0821009F3D09 /* NewCell.swift */,
			);
			path = Cell;
			sourceTree = "<group>";
		};
		F785A0F62AAF5468009F3D09 /* NewTableViewScreen */ = {
			isa = PBXGroup;
			children = (
				F785A0F82AAF5481009F3D09 /* Model */,
				F785A0F72AAF547C009F3D09 /* View */,
			);
			path = NewTableViewScreen;
			sourceTree = "<group>";
		};
		F785A0F72AAF547C009F3D09 /* View */ = {
			isa = PBXGroup;
			children = (
				F785A0F92AAF5498009F3D09 /* NewTableViewViewController.swift */,
				F785A0FB2AAF54AC009F3D09 /* NewTableView.swift */,
				F785A0FD2AAF54B1009F3D09 /* Cell */,
			);
			path = View;
			sourceTree = "<group>";
		};
		F785A0F82AAF5481009F3D09 /* Model */ = {
			isa = PBXGroup;
			children = (
				F785A1002AAF54D8009F3D09 /* TableViewModel.swift */,
			);
			path = Model;
			sourceTree = "<group>";
		};
		F785A0FD2AAF54B1009F3D09 /* Cell */ = {
			isa = PBXGroup;
			children = (
				F785A1022AAF723B009F3D09 /* HeaderView.swift */,
				F785A0FE2AAF54C9009F3D09 /* NewTableViewCell.swift */,
			);
			path = Cell;
			sourceTree = "<group>";
		};
		F785A1042AB3394E009F3D09 /* BlockCollectionViewScreen */ = {
			isa = PBXGroup;
			children = (
				F785A1062AB3395D009F3D09 /* Model */,
				F785A1052AB3395A009F3D09 /* View */,
			);
			path = BlockCollectionViewScreen;
			sourceTree = "<group>";
		};
		F785A1052AB3395A009F3D09 /* View */ = {
			isa = PBXGroup;
			children = (
				F785A1072AB33972009F3D09 /* BlockViewController.swift */,
				F785A10C2AB339A9009F3D09 /* BlockView.swift */,
				F785A1092AB33974009F3D09 /* Cell */,
			);
			path = View;
			sourceTree = "<group>";
		};
		F785A1062AB3395D009F3D09 /* Model */ = {
			isa = PBXGroup;
			children = (
				F785A10E2AB339D5009F3D09 /* BlockModel.swift */,
			);
			path = Model;
			sourceTree = "<group>";
		};
		F785A1092AB33974009F3D09 /* Cell */ = {
			isa = PBXGroup;
			children = (
				F785A10A2AB33997009F3D09 /* BlockCell.swift */,
				F785A1102AB34D89009F3D09 /* BlockHeader.swift */,
			);
			path = Cell;
			sourceTree = "<group>";
		};
		F785A1122AB4B359009F3D09 /* AdBlock */ = {
			isa = PBXGroup;
			children = (
				F785A1132AB4B365009F3D09 /* Screens */,
			);
			path = AdBlock;
			sourceTree = "<group>";
		};
		F785A1132AB4B365009F3D09 /* Screens */ = {
			isa = PBXGroup;
			children = (
				F785A1302AB5F11E009F3D09 /* BlankVC */,
				F785A12E2AB5ECFC009F3D09 /* TabBarController */,
				F785A1182AB4B3BD009F3D09 /* AdBlockListScreen */,
				F785A1162AB4B39D009F3D09 /* AdBlockRulesScreen */,
				F785A1142AB4B36C009F3D09 /* AdBlockMainScreen */,
				F785A1372AB5F9E7009F3D09 /* AdBlockNavigationController.swift */,
			);
			path = Screens;
			sourceTree = "<group>";
		};
		F785A1142AB4B36C009F3D09 /* AdBlockMainScreen */ = {
			isa = PBXGroup;
			children = (
				F785A11E2AB4B3FD009F3D09 /* View */,
				F785A11D2AB4B3F9009F3D09 /* Model */,
			);
			path = AdBlockMainScreen;
			sourceTree = "<group>";
		};
		F785A1162AB4B39D009F3D09 /* AdBlockRulesScreen */ = {
			isa = PBXGroup;
			children = (
				F785A11C2AB4B3F5009F3D09 /* Model */,
				F785A11A2AB4B3EC009F3D09 /* View */,
			);
			path = AdBlockRulesScreen;
			sourceTree = "<group>";
		};
		F785A1182AB4B3BD009F3D09 /* AdBlockListScreen */ = {
			isa = PBXGroup;
			children = (
				F785A11B2AB4B3F0009F3D09 /* Model */,
				F785A1192AB4B3E8009F3D09 /* View */,
			);
			path = AdBlockListScreen;
			sourceTree = "<group>";
		};
		F785A1192AB4B3E8009F3D09 /* View */ = {
			isa = PBXGroup;
			children = (
				F785A1242AB4B466009F3D09 /* AdBlockListViewController.swift */,
				F785A1262AB4B47A009F3D09 /* AdBlockListView.swift */,
			);
			path = View;
			sourceTree = "<group>";
		};
		F785A11A2AB4B3EC009F3D09 /* View */ = {
			isa = PBXGroup;
			children = (
				F785A1282AB4B493009F3D09 /* AdBlockRulesView.swift */,
				F785A12A2AB4B4A2009F3D09 /* AdBlockRulesViewController.swift */,
			);
			path = View;
			sourceTree = "<group>";
		};
		F785A11B2AB4B3F0009F3D09 /* Model */ = {
			isa = PBXGroup;
			children = (
			);
			path = Model;
			sourceTree = "<group>";
		};
		F785A11C2AB4B3F5009F3D09 /* Model */ = {
			isa = PBXGroup;
			children = (
			);
			path = Model;
			sourceTree = "<group>";
		};
		F785A11D2AB4B3F9009F3D09 /* Model */ = {
			isa = PBXGroup;
			children = (
			);
			path = Model;
			sourceTree = "<group>";
		};
		F785A11E2AB4B3FD009F3D09 /* View */ = {
			isa = PBXGroup;
			children = (
				F785A11F2AB4B421009F3D09 /* AdBlockMainViewController.swift */,
				F785A1222AB4B43F009F3D09 /* AdBlockMainView.swift */,
				F785A1392AB6E028009F3D09 /* RulesMainTableViewCell.swift */,
			);
			path = View;
			sourceTree = "<group>";
		};
		F785A12E2AB5ECFC009F3D09 /* TabBarController */ = {
			isa = PBXGroup;
			children = (
				F785A12F2AB5ED02009F3D09 /* View */,
			);
			path = TabBarController;
			sourceTree = "<group>";
		};
		F785A12F2AB5ED02009F3D09 /* View */ = {
			isa = PBXGroup;
			children = (
				F785A12C2AB5ECF5009F3D09 /* TabBarController.swift */,
			);
			path = View;
			sourceTree = "<group>";
		};
		F785A1302AB5F11E009F3D09 /* BlankVC */ = {
			isa = PBXGroup;
			children = (
				F785A1312AB5F13A009F3D09 /* CallRecViewController.swift */,
				F785A1332AB5F150009F3D09 /* VoiceRecViewController.swift */,
				F785A1352AB5F15B009F3D09 /* SettingsViewController.swift */,
			);
			path = BlankVC;
			sourceTree = "<group>";
		};
		F7A8FA0D2AA669FE00933335 /* SecondScreen */ = {
			isa = PBXGroup;
			children = (
				F7A8FA0F2AA7098B00933335 /* View */,
				F7A8FA0E2AA7098300933335 /* Model */,
			);
			path = SecondScreen;
			sourceTree = "<group>";
		};
		F7A8FA0E2AA7098300933335 /* Model */ = {
			isa = PBXGroup;
			children = (
				F7A8FA142AA70A3800933335 /* SecondScreenModel.swift */,
			);
			path = Model;
			sourceTree = "<group>";
		};
		F7A8FA0F2AA7098B00933335 /* View */ = {
			isa = PBXGroup;
			children = (
				F7A8FA102AA709B000933335 /* SecondViewController.swift */,
				F7A8FA122AA709BC00933335 /* SecondView.swift */,
			);
			path = View;
			sourceTree = "<group>";
		};
/* End PBXGroup section */

/* Begin PBXNativeTarget section */
		178C6FE52AA5E76F0038FA24 /* Test1 */ = {
			isa = PBXNativeTarget;
			buildConfigurationList = 178C6FFA2AA5E7700038FA24 /* Build configuration list for PBXNativeTarget "Test1" */;
			buildPhases = (
				B312D80E9FC2AF2BBD288B50 /* [CP] Check Pods Manifest.lock */,
				178C6FE22AA5E76F0038FA24 /* Sources */,
				178C6FE32AA5E76F0038FA24 /* Frameworks */,
				178C6FE42AA5E76F0038FA24 /* Resources */,
				F810F825CAD98B3D50D273F5 /* [CP] Embed Pods Frameworks */,
			);
			buildRules = (
			);
			dependencies = (
			);
			name = Test1;
			productName = Test1;
			productReference = 178C6FE62AA5E76F0038FA24 /* Test1.app */;
			productType = "com.apple.product-type.application";
		};
/* End PBXNativeTarget section */

/* Begin PBXProject section */
		178C6FDE2AA5E76F0038FA24 /* Project object */ = {
			isa = PBXProject;
			attributes = {
				BuildIndependentTargetsInParallel = 1;
				LastSwiftUpdateCheck = 1430;
				LastUpgradeCheck = 1430;
				TargetAttributes = {
					178C6FE52AA5E76F0038FA24 = {
						CreatedOnToolsVersion = 14.3.1;
					};
				};
			};
			buildConfigurationList = 178C6FE12AA5E76F0038FA24 /* Build configuration list for PBXProject "Test1" */;
			compatibilityVersion = "Xcode 14.0";
			developmentRegion = en;
			hasScannedForEncodings = 0;
			knownRegions = (
				en,
				Base,
			);
			mainGroup = 178C6FDD2AA5E76F0038FA24;
			productRefGroup = 178C6FE72AA5E76F0038FA24 /* Products */;
			projectDirPath = "";
			projectRoot = "";
			targets = (
				178C6FE52AA5E76F0038FA24 /* Test1 */,
			);
		};
/* End PBXProject section */

/* Begin PBXResourcesBuildPhase section */
		178C6FE42AA5E76F0038FA24 /* Resources */ = {
			isa = PBXResourcesBuildPhase;
			buildActionMask = 2147483647;
			files = (
				178C6FF62AA5E7700038FA24 /* LaunchScreen.storyboard in Resources */,
				178C6FF32AA5E7700038FA24 /* Assets.xcassets in Resources */,
			);
			runOnlyForDeploymentPostprocessing = 0;
		};
/* End PBXResourcesBuildPhase section */

/* Begin PBXShellScriptBuildPhase section */
		B312D80E9FC2AF2BBD288B50 /* [CP] Check Pods Manifest.lock */ = {
			isa = PBXShellScriptBuildPhase;
			buildActionMask = 2147483647;
			files = (
			);
			inputFileListPaths = (
			);
			inputPaths = (
				"${PODS_PODFILE_DIR_PATH}/Podfile.lock",
				"${PODS_ROOT}/Manifest.lock",
			);
			name = "[CP] Check Pods Manifest.lock";
			outputFileListPaths = (
			);
			outputPaths = (
				"$(DERIVED_FILE_DIR)/Pods-Test1-checkManifestLockResult.txt",
			);
			runOnlyForDeploymentPostprocessing = 0;
			shellPath = /bin/sh;
			shellScript = "diff \"${PODS_PODFILE_DIR_PATH}/Podfile.lock\" \"${PODS_ROOT}/Manifest.lock\" > /dev/null\nif [ $? != 0 ] ; then\n    # print error to STDERR\n    echo \"error: The sandbox is not in sync with the Podfile.lock. Run 'pod install' or update your CocoaPods installation.\" >&2\n    exit 1\nfi\n# This output is used by Xcode 'outputs' to avoid re-running this script phase.\necho \"SUCCESS\" > \"${SCRIPT_OUTPUT_FILE_0}\"\n";
			showEnvVarsInLog = 0;
		};
		F810F825CAD98B3D50D273F5 /* [CP] Embed Pods Frameworks */ = {
			isa = PBXShellScriptBuildPhase;
			buildActionMask = 2147483647;
			files = (
			);
			inputFileListPaths = (
				"${PODS_ROOT}/Target Support Files/Pods-Test1/Pods-Test1-frameworks-${CONFIGURATION}-input-files.xcfilelist",
			);
			name = "[CP] Embed Pods Frameworks";
			outputFileListPaths = (
				"${PODS_ROOT}/Target Support Files/Pods-Test1/Pods-Test1-frameworks-${CONFIGURATION}-output-files.xcfilelist",
			);
			runOnlyForDeploymentPostprocessing = 0;
			shellPath = /bin/sh;
			shellScript = "\"${PODS_ROOT}/Target Support Files/Pods-Test1/Pods-Test1-frameworks.sh\"\n";
			showEnvVarsInLog = 0;
		};
/* End PBXShellScriptBuildPhase section */

/* Begin PBXSourcesBuildPhase section */
		178C6FE22AA5E76F0038FA24 /* Sources */ = {
			isa = PBXSourcesBuildPhase;
			buildActionMask = 2147483647;
			files = (
				17A322302AAB2AF700A155D6 /* CollectionViewController.swift in Sources */,
				F7A8FA132AA709BC00933335 /* SecondView.swift in Sources */,
				F7A8FA112AA709B000933335 /* SecondViewController.swift in Sources */,
				F785A0EE2AAE07C4009F3D09 /* NewCollectionViewController.swift in Sources */,
				F785A1012AAF54D8009F3D09 /* TableViewModel.swift in Sources */,
				F785A1252AB4B466009F3D09 /* AdBlockListViewController.swift in Sources */,
				17A322332AAB33FA00A155D6 /* CustomCollectionViewCell.swift in Sources */,
				F785A1272AB4B47A009F3D09 /* AdBlockListView.swift in Sources */,
				F785A1342AB5F150009F3D09 /* VoiceRecViewController.swift in Sources */,
				17A3222A2AAB1EBD00A155D6 /* PersonModel.swift in Sources */,
				F785A1112AB34D89009F3D09 /* BlockHeader.swift in Sources */,
				F785A1322AB5F13A009F3D09 /* CallRecViewController.swift in Sources */,
				F785A1032AAF723B009F3D09 /* HeaderView.swift in Sources */,
				17A322272AAB0FF800A155D6 /* CustomCell.swift in Sources */,
				F785A0EC2AAE07AC009F3D09 /* NewCollectionView.swift in Sources */,
				17A322372AAB355600A155D6 /* MyTableView.swift in Sources */,
				F785A0F12AAE0821009F3D09 /* NewCell.swift in Sources */,
				178C6FEE2AA5E76F0038FA24 /* MainViewController.swift in Sources */,
				F785A0FC2AAF54AC009F3D09 /* NewTableView.swift in Sources */,
				178C70072AA5EA4D0038FA24 /* MainView.swift in Sources */,
				178C700B2AA5F4250038FA24 /* MainScreenModel.swift in Sources */,
				F785A13A2AB6E028009F3D09 /* RulesMainTableViewCell.swift in Sources */,
				F785A10D2AB339A9009F3D09 /* BlockView.swift in Sources */,
				F785A0FF2AAF54C9009F3D09 /* NewTableViewCell.swift in Sources */,
				F785A1362AB5F15B009F3D09 /* SettingsViewController.swift in Sources */,
				F785A12D2AB5ECF5009F3D09 /* TabBarController.swift in Sources */,
				178C6FEA2AA5E76F0038FA24 /* AppDelegate.swift in Sources */,
				178C6FEC2AA5E76F0038FA24 /* SceneDelegate.swift in Sources */,
				F785A0EA2AAE04E5009F3D09 /* CollectionViewModel.swift in Sources */,
				17A322242AAB0F7500A155D6 /* TableViewScreen.swift in Sources */,
				F785A12B2AB4B4A2009F3D09 /* AdBlockRulesViewController.swift in Sources */,
				F785A10B2AB33997009F3D09 /* BlockCell.swift in Sources */,
				F785A1232AB4B43F009F3D09 /* AdBlockMainView.swift in Sources */,
				F785A1382AB5F9E7009F3D09 /* AdBlockNavigationController.swift in Sources */,
				F785A1082AB33972009F3D09 /* BlockViewController.swift in Sources */,
				17A322352AAB349F00A155D6 /* MyCollectionView.swift in Sources */,
				F785A0FA2AAF5498009F3D09 /* NewTableViewViewController.swift in Sources */,
				F7A8FA152AA70A3800933335 /* SecondScreenModel.swift in Sources */,
				F785A1292AB4B493009F3D09 /* AdBlockRulesView.swift in Sources */,
				F785A1202AB4B421009F3D09 /* AdBlockMainViewController.swift in Sources */,
				F785A10F2AB339D5009F3D09 /* BlockModel.swift in Sources */,
			);
			runOnlyForDeploymentPostprocessing = 0;
		};
/* End PBXSourcesBuildPhase section */

/* Begin PBXVariantGroup section */
		178C6FF42AA5E7700038FA24 /* LaunchScreen.storyboard */ = {
			isa = PBXVariantGroup;
			children = (
				178C6FF52AA5E7700038FA24 /* Base */,
			);
			name = LaunchScreen.storyboard;
			sourceTree = "<group>";
		};
/* End PBXVariantGroup section */

/* Begin XCBuildConfiguration section */
		178C6FF82AA5E7700038FA24 /* Debug */ = {
			isa = XCBuildConfiguration;
			buildSettings = {
				ALWAYS_SEARCH_USER_PATHS = NO;
				CLANG_ANALYZER_NONNULL = YES;
				CLANG_ANALYZER_NUMBER_OBJECT_CONVERSION = YES_AGGRESSIVE;
				CLANG_CXX_LANGUAGE_STANDARD = "gnu++20";
				CLANG_ENABLE_MODULES = YES;
				CLANG_ENABLE_OBJC_ARC = YES;
				CLANG_ENABLE_OBJC_WEAK = YES;
				CLANG_WARN_BLOCK_CAPTURE_AUTORELEASING = YES;
				CLANG_WARN_BOOL_CONVERSION = YES;
				CLANG_WARN_COMMA = YES;
				CLANG_WARN_CONSTANT_CONVERSION = YES;
				CLANG_WARN_DEPRECATED_OBJC_IMPLEMENTATIONS = YES;
				CLANG_WARN_DIRECT_OBJC_ISA_USAGE = YES_ERROR;
				CLANG_WARN_DOCUMENTATION_COMMENTS = YES;
				CLANG_WARN_EMPTY_BODY = YES;
				CLANG_WARN_ENUM_CONVERSION = YES;
				CLANG_WARN_INFINITE_RECURSION = YES;
				CLANG_WARN_INT_CONVERSION = YES;
				CLANG_WARN_NON_LITERAL_NULL_CONVERSION = YES;
				CLANG_WARN_OBJC_IMPLICIT_RETAIN_SELF = YES;
				CLANG_WARN_OBJC_LITERAL_CONVERSION = YES;
				CLANG_WARN_OBJC_ROOT_CLASS = YES_ERROR;
				CLANG_WARN_QUOTED_INCLUDE_IN_FRAMEWORK_HEADER = YES;
				CLANG_WARN_RANGE_LOOP_ANALYSIS = YES;
				CLANG_WARN_STRICT_PROTOTYPES = YES;
				CLANG_WARN_SUSPICIOUS_MOVE = YES;
				CLANG_WARN_UNGUARDED_AVAILABILITY = YES_AGGRESSIVE;
				CLANG_WARN_UNREACHABLE_CODE = YES;
				CLANG_WARN__DUPLICATE_METHOD_MATCH = YES;
				COPY_PHASE_STRIP = NO;
				DEBUG_INFORMATION_FORMAT = dwarf;
				ENABLE_STRICT_OBJC_MSGSEND = YES;
				ENABLE_TESTABILITY = YES;
				GCC_C_LANGUAGE_STANDARD = gnu11;
				GCC_DYNAMIC_NO_PIC = NO;
				GCC_NO_COMMON_BLOCKS = YES;
				GCC_OPTIMIZATION_LEVEL = 0;
				GCC_PREPROCESSOR_DEFINITIONS = (
					"DEBUG=1",
					"$(inherited)",
				);
				GCC_WARN_64_TO_32_BIT_CONVERSION = YES;
				GCC_WARN_ABOUT_RETURN_TYPE = YES_ERROR;
				GCC_WARN_UNDECLARED_SELECTOR = YES;
				GCC_WARN_UNINITIALIZED_AUTOS = YES_AGGRESSIVE;
				GCC_WARN_UNUSED_FUNCTION = YES;
				GCC_WARN_UNUSED_VARIABLE = YES;
				IPHONEOS_DEPLOYMENT_TARGET = 15.0;
				MTL_ENABLE_DEBUG_INFO = INCLUDE_SOURCE;
				MTL_FAST_MATH = YES;
				ONLY_ACTIVE_ARCH = YES;
				SDKROOT = iphoneos;
				SWIFT_ACTIVE_COMPILATION_CONDITIONS = DEBUG;
				SWIFT_OPTIMIZATION_LEVEL = "-Onone";
			};
			name = Debug;
		};
		178C6FF92AA5E7700038FA24 /* Release */ = {
			isa = XCBuildConfiguration;
			buildSettings = {
				ALWAYS_SEARCH_USER_PATHS = NO;
				CLANG_ANALYZER_NONNULL = YES;
				CLANG_ANALYZER_NUMBER_OBJECT_CONVERSION = YES_AGGRESSIVE;
				CLANG_CXX_LANGUAGE_STANDARD = "gnu++20";
				CLANG_ENABLE_MODULES = YES;
				CLANG_ENABLE_OBJC_ARC = YES;
				CLANG_ENABLE_OBJC_WEAK = YES;
				CLANG_WARN_BLOCK_CAPTURE_AUTORELEASING = YES;
				CLANG_WARN_BOOL_CONVERSION = YES;
				CLANG_WARN_COMMA = YES;
				CLANG_WARN_CONSTANT_CONVERSION = YES;
				CLANG_WARN_DEPRECATED_OBJC_IMPLEMENTATIONS = YES;
				CLANG_WARN_DIRECT_OBJC_ISA_USAGE = YES_ERROR;
				CLANG_WARN_DOCUMENTATION_COMMENTS = YES;
				CLANG_WARN_EMPTY_BODY = YES;
				CLANG_WARN_ENUM_CONVERSION = YES;
				CLANG_WARN_INFINITE_RECURSION = YES;
				CLANG_WARN_INT_CONVERSION = YES;
				CLANG_WARN_NON_LITERAL_NULL_CONVERSION = YES;
				CLANG_WARN_OBJC_IMPLICIT_RETAIN_SELF = YES;
				CLANG_WARN_OBJC_LITERAL_CONVERSION = YES;
				CLANG_WARN_OBJC_ROOT_CLASS = YES_ERROR;
				CLANG_WARN_QUOTED_INCLUDE_IN_FRAMEWORK_HEADER = YES;
				CLANG_WARN_RANGE_LOOP_ANALYSIS = YES;
				CLANG_WARN_STRICT_PROTOTYPES = YES;
				CLANG_WARN_SUSPICIOUS_MOVE = YES;
				CLANG_WARN_UNGUARDED_AVAILABILITY = YES_AGGRESSIVE;
				CLANG_WARN_UNREACHABLE_CODE = YES;
				CLANG_WARN__DUPLICATE_METHOD_MATCH = YES;
				COPY_PHASE_STRIP = NO;
				DEBUG_INFORMATION_FORMAT = "dwarf-with-dsym";
				ENABLE_NS_ASSERTIONS = NO;
				ENABLE_STRICT_OBJC_MSGSEND = YES;
				GCC_C_LANGUAGE_STANDARD = gnu11;
				GCC_NO_COMMON_BLOCKS = YES;
				GCC_WARN_64_TO_32_BIT_CONVERSION = YES;
				GCC_WARN_ABOUT_RETURN_TYPE = YES_ERROR;
				GCC_WARN_UNDECLARED_SELECTOR = YES;
				GCC_WARN_UNINITIALIZED_AUTOS = YES_AGGRESSIVE;
				GCC_WARN_UNUSED_FUNCTION = YES;
				GCC_WARN_UNUSED_VARIABLE = YES;
				IPHONEOS_DEPLOYMENT_TARGET = 15.0;
				MTL_ENABLE_DEBUG_INFO = NO;
				MTL_FAST_MATH = YES;
				SDKROOT = iphoneos;
				SWIFT_COMPILATION_MODE = wholemodule;
				SWIFT_OPTIMIZATION_LEVEL = "-O";
				VALIDATE_PRODUCT = YES;
			};
			name = Release;
		};
		178C6FFB2AA5E7700038FA24 /* Debug */ = {
			isa = XCBuildConfiguration;
			baseConfigurationReference = F0E8619F604E83CC1AA72494 /* Pods-Test1.debug.xcconfig */;
			buildSettings = {
				ASSETCATALOG_COMPILER_APPICON_NAME = AppIcon;
				ASSETCATALOG_COMPILER_GLOBAL_ACCENT_COLOR_NAME = AccentColor;
				CODE_SIGN_STYLE = Automatic;
				CURRENT_PROJECT_VERSION = 1;
				GENERATE_INFOPLIST_FILE = YES;
				INFOPLIST_FILE = Test1/Resources/Info.plist;
				INFOPLIST_KEY_UIApplicationSupportsIndirectInputEvents = YES;
				INFOPLIST_KEY_UILaunchStoryboardName = LaunchScreen;
				INFOPLIST_KEY_UIMainStoryboardFile = "";
				INFOPLIST_KEY_UISupportedInterfaceOrientations = UIInterfaceOrientationPortrait;
				INFOPLIST_KEY_UISupportedInterfaceOrientations_iPad = "UIInterfaceOrientationLandscapeLeft UIInterfaceOrientationLandscapeRight UIInterfaceOrientationPortrait UIInterfaceOrientationPortraitUpsideDown";
				IPHONEOS_DEPLOYMENT_TARGET = 15.0;
				LD_RUNPATH_SEARCH_PATHS = (
					"$(inherited)",
					"@executable_path/Frameworks",
				);
				MARKETING_VERSION = 1.0;
				PRODUCT_BUNDLE_IDENTIFIER = com.TDY13.Test1;
				PRODUCT_NAME = "$(TARGET_NAME)";
				SUPPORTED_PLATFORMS = "iphoneos iphonesimulator";
				SUPPORTS_MACCATALYST = NO;
				SUPPORTS_MAC_DESIGNED_FOR_IPHONE_IPAD = NO;
				SWIFT_EMIT_LOC_STRINGS = YES;
				SWIFT_VERSION = 5.0;
				TARGETED_DEVICE_FAMILY = 1;
			};
			name = Debug;
		};
		178C6FFC2AA5E7700038FA24 /* Release */ = {
			isa = XCBuildConfiguration;
			baseConfigurationReference = 1403674658DA0BC849EF67E8 /* Pods-Test1.release.xcconfig */;
			buildSettings = {
				ASSETCATALOG_COMPILER_APPICON_NAME = AppIcon;
				ASSETCATALOG_COMPILER_GLOBAL_ACCENT_COLOR_NAME = AccentColor;
				CODE_SIGN_STYLE = Automatic;
				CURRENT_PROJECT_VERSION = 1;
				GENERATE_INFOPLIST_FILE = YES;
				INFOPLIST_FILE = Test1/Resources/Info.plist;
				INFOPLIST_KEY_UIApplicationSupportsIndirectInputEvents = YES;
				INFOPLIST_KEY_UILaunchStoryboardName = LaunchScreen;
				INFOPLIST_KEY_UIMainStoryboardFile = "";
				INFOPLIST_KEY_UISupportedInterfaceOrientations = UIInterfaceOrientationPortrait;
				INFOPLIST_KEY_UISupportedInterfaceOrientations_iPad = "UIInterfaceOrientationLandscapeLeft UIInterfaceOrientationLandscapeRight UIInterfaceOrientationPortrait UIInterfaceOrientationPortraitUpsideDown";
				IPHONEOS_DEPLOYMENT_TARGET = 15.0;
				LD_RUNPATH_SEARCH_PATHS = (
					"$(inherited)",
					"@executable_path/Frameworks",
				);
				MARKETING_VERSION = 1.0;
				PRODUCT_BUNDLE_IDENTIFIER = com.TDY13.Test1;
				PRODUCT_NAME = "$(TARGET_NAME)";
				SUPPORTED_PLATFORMS = "iphoneos iphonesimulator";
				SUPPORTS_MACCATALYST = NO;
				SUPPORTS_MAC_DESIGNED_FOR_IPHONE_IPAD = NO;
				SWIFT_EMIT_LOC_STRINGS = YES;
				SWIFT_VERSION = 5.0;
				TARGETED_DEVICE_FAMILY = 1;
			};
			name = Release;
		};
/* End XCBuildConfiguration section */

/* Begin XCConfigurationList section */
		178C6FE12AA5E76F0038FA24 /* Build configuration list for PBXProject "Test1" */ = {
			isa = XCConfigurationList;
			buildConfigurations = (
				178C6FF82AA5E7700038FA24 /* Debug */,
				178C6FF92AA5E7700038FA24 /* Release */,
			);
			defaultConfigurationIsVisible = 0;
			defaultConfigurationName = Release;
		};
		178C6FFA2AA5E7700038FA24 /* Build configuration list for PBXNativeTarget "Test1" */ = {
			isa = XCConfigurationList;
			buildConfigurations = (
				178C6FFB2AA5E7700038FA24 /* Debug */,
				178C6FFC2AA5E7700038FA24 /* Release */,
			);
			defaultConfigurationIsVisible = 0;
			defaultConfigurationName = Release;
		};
/* End XCConfigurationList section */
	};
	rootObject = 178C6FDE2AA5E76F0038FA24 /* Project object */;
}
